
Microsoft Visual Studio Solution File, Format Version 12.00
# Visual Studio 2013
VisualStudioVersion = 12.0.30501.0
MinimumVisualStudioVersion = 10.0.40219.1
Project("{FAE04EC0-301F-11D3-BF4B-00C04F79EFBC}") = "GCloud.WebApi", "GCloud.WebApi\GCloud.WebApi.csproj", "{34B6CBE6-B747-4BFB-ADE7-30E816DA5624}"
EndProject
Project("{FAE04EC0-301F-11D3-BF4B-00C04F79EFBC}") = "GCloud.Models", "GCloud.Models\GCloud.Models.csproj", "{3D512DBE-7EE8-4716-B095-E95CC8C87ADF}"
EndProject
Project("{2150E333-8FDC-42A3-9474-1A3956D46DE8}") = "Web API", "Web API", "{F3C85C86-D824-409F-8A78-150C1B440395}"
EndProject
Project("{2150E333-8FDC-42A3-9474-1A3956D46DE8}") = "Data Access Layer", "Data Access Layer", "{57D470D5-01D1-403A-9AFF-A932F0353806}"
EndProject
Project("{2150E333-8FDC-42A3-9474-1A3956D46DE8}") = "Bussines  Layer", "Bussines  Layer", "{2F663D97-27F7-4313-9A33-08D293CB0BF3}"
EndProject
Project("{FAE04EC0-301F-11D3-BF4B-00C04F79EFBC}") = "GCloud.Common", "GCloud.Common\GCloud.Common.csproj", "{9CDED7F4-42C1-4D75-AB55-3D0F86C8D85D}"
EndProject
Project("{FAE04EC0-301F-11D3-BF4B-00C04F79EFBC}") = "GCloud.DataAccess.Contract", "GCloud.DataAccess.Contract\GCloud.DataAccess.Contract.csproj", "{E162EEF8-BE06-42CF-BED7-6948E7E73357}"
EndProject
Project("{FAE04EC0-301F-11D3-BF4B-00C04F79EFBC}") = "GCloud.DataAccess.EF", "GCloud.DataAccess.EF\GCloud.DataAccess.EF.csproj", "{7955E9EC-D05F-4813-AE7A-7855BDF4245D}"
EndProject
Project("{FAE04EC0-301F-11D3-BF4B-00C04F79EFBC}") = "GCloud.Common.Contract", "GCloud.Common.Contract\GCloud.Common.Contract.csproj", "{D8089A29-BFF5-45C8-9A14-378175910B11}"
EndProject
Project("{FAE04EC0-301F-11D3-BF4B-00C04F79EFBC}") = "GCloud.Authorization", "GCloud.Authorization\GCloud.Authorization.csproj", "{5655BF78-D871-421D-9654-158EEBEC1001}"
EndProject
Project("{FAE04EC0-301F-11D3-BF4B-00C04F79EFBC}") = "GCloud.Authorization.Contract", "GCloud.Authorization.Contract\GCloud.Authorization.Contract.csproj", "{294EC173-ED2E-4691-86A6-F1C11CAD8484}"
EndProject
Project("{FAE04EC0-301F-11D3-BF4B-00C04F79EFBC}") = "GCloud.WebApi.Common", "GCloud.WebApi.Common\GCloud.WebApi.Common.csproj", "{FF48854D-C283-43CB-A817-750AEA2C6787}"
EndProject
Project("{FAE04EC0-301F-11D3-BF4B-00C04F79EFBC}") = "GCloud.Core", "GCloud.Core\GCloud.Core.csproj", "{3C6FB1AD-1C06-4E33-A894-57EC0862B074}"
EndProject
Project("{FAE04EC0-301F-11D3-BF4B-00C04F79EFBC}") = "GCloud.Core.Contract", "GCloud.Core.Contract\GCloud.Core.Contract.csproj", "{18573ADA-9A16-4E9D-8A3A-E6FF0E6DF0C7}"
EndProject
Project("{2150E333-8FDC-42A3-9474-1A3956D46DE8}") = "BackEnd", "BackEnd", "{9094A5B9-8B4C-4562-9DEE-DEE84850E26C}"
EndProject
Project("{2150E333-8FDC-42A3-9474-1A3956D46DE8}") = "FrontEnd", "FrontEnd", "{672D57AC-4CEB-4214-A3FA-3AD146D53282}"
EndProject
Project("{FAE04EC0-301F-11D3-BF4B-00C04F79EFBC}") = "GCloud.FrontEndWS", "GCloud.FrontEndWS\GCloud.FrontEndWS.csproj", "{6D660E74-0D61-43E5-9EEB-10C0CB384241}"
EndProject
Project("{FAE04EC0-301F-11D3-BF4B-00C04F79EFBC}") = "GCloud.MarketSite", "GCloud.MarketSite\GCloud.MarketSite.csproj", "{751416F9-41E2-4082-AA94-3BEF09DD9DFD}"
EndProject
Global
	GlobalSection(SolutionConfigurationPlatforms) = preSolution
		Debug|Any CPU = Debug|Any CPU
		Release|Any CPU = Release|Any CPU
	EndGlobalSection
	GlobalSection(ProjectConfigurationPlatforms) = postSolution
		{34B6CBE6-B747-4BFB-ADE7-30E816DA5624}.Debug|Any CPU.ActiveCfg = Debug|Any CPU
		{34B6CBE6-B747-4BFB-ADE7-30E816DA5624}.Debug|Any CPU.Build.0 = Debug|Any CPU
		{34B6CBE6-B747-4BFB-ADE7-30E816DA5624}.Release|Any CPU.ActiveCfg = Release|Any CPU
		{34B6CBE6-B747-4BFB-ADE7-30E816DA5624}.Release|Any CPU.Build.0 = Release|Any CPU
		{3D512DBE-7EE8-4716-B095-E95CC8C87ADF}.Debug|Any CPU.ActiveCfg = Debug|Any CPU
		{3D512DBE-7EE8-4716-B095-E95CC8C87ADF}.Debug|Any CPU.Build.0 = Debug|Any CPU
		{3D512DBE-7EE8-4716-B095-E95CC8C87ADF}.Release|Any CPU.ActiveCfg = Release|Any CPU
		{3D512DBE-7EE8-4716-B095-E95CC8C87ADF}.Release|Any CPU.Build.0 = Release|Any CPU
		{9CDED7F4-42C1-4D75-AB55-3D0F86C8D85D}.Debug|Any CPU.ActiveCfg = Debug|Any CPU
		{9CDED7F4-42C1-4D75-AB55-3D0F86C8D85D}.Debug|Any CPU.Build.0 = Debug|Any CPU
		{9CDED7F4-42C1-4D75-AB55-3D0F86C8D85D}.Release|Any CPU.ActiveCfg = Release|Any CPU
		{9CDED7F4-42C1-4D75-AB55-3D0F86C8D85D}.Release|Any CPU.Build.0 = Release|Any CPU
		{E162EEF8-BE06-42CF-BED7-6948E7E73357}.Debug|Any CPU.ActiveCfg = Debug|Any CPU
		{E162EEF8-BE06-42CF-BED7-6948E7E73357}.Debug|Any CPU.Build.0 = Debug|Any CPU
		{E162EEF8-BE06-42CF-BED7-6948E7E73357}.Release|Any CPU.ActiveCfg = Release|Any CPU
		{E162EEF8-BE06-42CF-BED7-6948E7E73357}.Release|Any CPU.Build.0 = Release|Any CPU
		{7955E9EC-D05F-4813-AE7A-7855BDF4245D}.Debug|Any CPU.ActiveCfg = Debug|Any CPU
		{7955E9EC-D05F-4813-AE7A-7855BDF4245D}.Debug|Any CPU.Build.0 = Debug|Any CPU
		{7955E9EC-D05F-4813-AE7A-7855BDF4245D}.Release|Any CPU.ActiveCfg = Release|Any CPU
		{7955E9EC-D05F-4813-AE7A-7855BDF4245D}.Release|Any CPU.Build.0 = Release|Any CPU
		{D8089A29-BFF5-45C8-9A14-378175910B11}.Debug|Any CPU.ActiveCfg = Debug|Any CPU
		{D8089A29-BFF5-45C8-9A14-378175910B11}.Debug|Any CPU.Build.0 = Debug|Any CPU
		{D8089A29-BFF5-45C8-9A14-378175910B11}.Release|Any CPU.ActiveCfg = Release|Any CPU
		{D8089A29-BFF5-45C8-9A14-378175910B11}.Release|Any CPU.Build.0 = Release|Any CPU
		{5655BF78-D871-421D-9654-158EEBEC1001}.Debug|Any CPU.ActiveCfg = Debug|Any CPU
		{5655BF78-D871-421D-9654-158EEBEC1001}.Debug|Any CPU.Build.0 = Debug|Any CPU
		{5655BF78-D871-421D-9654-158EEBEC1001}.Release|Any CPU.ActiveCfg = Release|Any CPU
		{5655BF78-D871-421D-9654-158EEBEC1001}.Release|Any CPU.Build.0 = Release|Any CPU
		{294EC173-ED2E-4691-86A6-F1C11CAD8484}.Debug|Any CPU.ActiveCfg = Debug|Any CPU
		{294EC173-ED2E-4691-86A6-F1C11CAD8484}.Debug|Any CPU.Build.0 = Debug|Any CPU
		{294EC173-ED2E-4691-86A6-F1C11CAD8484}.Release|Any CPU.ActiveCfg = Release|Any CPU
		{294EC173-ED2E-4691-86A6-F1C11CAD8484}.Release|Any CPU.Build.0 = Release|Any CPU
		{FF48854D-C283-43CB-A817-750AEA2C6787}.Debug|Any CPU.ActiveCfg = Debug|Any CPU
		{FF48854D-C283-43CB-A817-750AEA2C6787}.Debug|Any CPU.Build.0 = Debug|Any CPU
		{FF48854D-C283-43CB-A817-750AEA2C6787}.Release|Any CPU.ActiveCfg = Release|Any CPU
		{FF48854D-C283-43CB-A817-750AEA2C6787}.Release|Any CPU.Build.0 = Release|Any CPU
		{3C6FB1AD-1C06-4E33-A894-57EC0862B074}.Debug|Any CPU.ActiveCfg = Debug|Any CPU
		{3C6FB1AD-1C06-4E33-A894-57EC0862B074}.Debug|Any CPU.Build.0 = Debug|Any CPU
		{3C6FB1AD-1C06-4E33-A894-57EC0862B074}.Release|Any CPU.ActiveCfg = Release|Any CPU
		{3C6FB1AD-1C06-4E33-A894-57EC0862B074}.Release|Any CPU.Build.0 = Release|Any CPU
		{18573ADA-9A16-4E9D-8A3A-E6FF0E6DF0C7}.Debug|Any CPU.ActiveCfg = Debug|Any CPU
		{18573ADA-9A16-4E9D-8A3A-E6FF0E6DF0C7}.Debug|Any CPU.Build.0 = Debug|Any CPU
		{18573ADA-9A16-4E9D-8A3A-E6FF0E6DF0C7}.Release|Any CPU.ActiveCfg = Release|Any CPU
		{18573ADA-9A16-4E9D-8A3A-E6FF0E6DF0C7}.Release|Any CPU.Build.0 = Release|Any CPU
		{6D660E74-0D61-43E5-9EEB-10C0CB384241}.Debug|Any CPU.ActiveCfg = Debug|Any CPU
		{6D660E74-0D61-43E5-9EEB-10C0CB384241}.Debug|Any CPU.Build.0 = Debug|Any CPU
		{6D660E74-0D61-43E5-9EEB-10C0CB384241}.Release|Any CPU.ActiveCfg = Release|Any CPU
		{6D660E74-0D61-43E5-9EEB-10C0CB384241}.Release|Any CPU.Build.0 = Release|Any CPU
		{751416F9-41E2-4082-AA94-3BEF09DD9DFD}.Debug|Any CPU.ActiveCfg = Debug|Any CPU
		{751416F9-41E2-4082-AA94-3BEF09DD9DFD}.Debug|Any CPU.Build.0 = Debug|Any CPU
		{751416F9-41E2-4082-AA94-3BEF09DD9DFD}.Release|Any CPU.ActiveCfg = Release|Any CPU
		{751416F9-41E2-4082-AA94-3BEF09DD9DFD}.Release|Any CPU.Build.0 = Release|Any CPU
	EndGlobalSection
	GlobalSection(SolutionProperties) = preSolution
		HideSolutionNode = FALSE
	EndGlobalSection
	GlobalSection(NestedProjects) = preSolution
		{34B6CBE6-B747-4BFB-ADE7-30E816DA5624} = {F3C85C86-D824-409F-8A78-150C1B440395}
		{3D512DBE-7EE8-4716-B095-E95CC8C87ADF} = {2F663D97-27F7-4313-9A33-08D293CB0BF3}
		{F3C85C86-D824-409F-8A78-150C1B440395} = {9094A5B9-8B4C-4562-9DEE-DEE84850E26C}
		{57D470D5-01D1-403A-9AFF-A932F0353806} = {9094A5B9-8B4C-4562-9DEE-DEE84850E26C}
		{2F663D97-27F7-4313-9A33-08D293CB0BF3} = {9094A5B9-8B4C-4562-9DEE-DEE84850E26C}
		{9CDED7F4-42C1-4D75-AB55-3D0F86C8D85D} = {2F663D97-27F7-4313-9A33-08D293CB0BF3}
		{E162EEF8-BE06-42CF-BED7-6948E7E73357} = {57D470D5-01D1-403A-9AFF-A932F0353806}
		{7955E9EC-D05F-4813-AE7A-7855BDF4245D} = {57D470D5-01D1-403A-9AFF-A932F0353806}
		{D8089A29-BFF5-45C8-9A14-378175910B11} = {2F663D97-27F7-4313-9A33-08D293CB0BF3}
		{5655BF78-D871-421D-9654-158EEBEC1001} = {2F663D97-27F7-4313-9A33-08D293CB0BF3}
		{294EC173-ED2E-4691-86A6-F1C11CAD8484} = {2F663D97-27F7-4313-9A33-08D293CB0BF3}
		{FF48854D-C283-43CB-A817-750AEA2C6787} = {F3C85C86-D824-409F-8A78-150C1B440395}
		{3C6FB1AD-1C06-4E33-A894-57EC0862B074} = {2F663D97-27F7-4313-9A33-08D293CB0BF3}
		{18573ADA-9A16-4E9D-8A3A-E6FF0E6DF0C7} = {2F663D97-27F7-4313-9A33-08D293CB0BF3}
		{6D660E74-0D61-43E5-9EEB-10C0CB384241} = {672D57AC-4CEB-4214-A3FA-3AD146D53282}
		{751416F9-41E2-4082-AA94-3BEF09DD9DFD} = {672D57AC-4CEB-4214-A3FA-3AD146D53282}
	EndGlobalSection
EndGlobal
